
Microsoft Visual Studio Solution File, Format Version 12.00
# Visual Studio Version 17
VisualStudioVersion = 17.2.32630.192
MinimumVisualStudioVersion = 10.0.40219.1
Project("{FAE04EC0-301F-11D3-BF4B-00C04F79EFBC}") = "ControlBoxWCF", "ControlBoxWCF\ControlBoxWCF.csproj", "{9BE189AC-9F5F-40EE-9731-8617D7D5002B}"
EndProject
Project("{9A19103F-16F7-4668-BE54-9A1E7A4F7556}") = "ControlBoxRestApi", "ControlBoxRestApi\ControlBoxRestApi.csproj", "{1EF04362-1A54-43E7-9558-6DACE4264580}"
EndProject
Global
	GlobalSection(SolutionConfigurationPlatforms) = preSolution
		Debug|Any CPU = Debug|Any CPU
		Release|Any CPU = Release|Any CPU
	EndGlobalSection
	GlobalSection(ProjectConfigurationPlatforms) = postSolution
		{9BE189AC-9F5F-40EE-9731-8617D7D5002B}.Debug|Any CPU.ActiveCfg = Debug|Any CPU
		{9BE189AC-9F5F-40EE-9731-8617D7D5002B}.Debug|Any CPU.Build.0 = Debug|Any CPU
		{9BE189AC-9F5F-40EE-9731-8617D7D5002B}.Release|Any CPU.ActiveCfg = Release|Any CPU
		{9BE189AC-9F5F-40EE-9731-8617D7D5002B}.Release|Any CPU.Build.0 = Release|Any CPU
		{1EF04362-1A54-43E7-9558-6DACE4264580}.Debug|Any CPU.ActiveCfg = Debug|Any CPU
		{1EF04362-1A54-43E7-9558-6DACE4264580}.Debug|Any CPU.Build.0 = Debug|Any CPU
		{1EF04362-1A54-43E7-9558-6DACE4264580}.Release|Any CPU.ActiveCfg = Release|Any CPU
		{1EF04362-1A54-43E7-9558-6DACE4264580}.Release|Any CPU.Build.0 = Release|Any CPU
	EndGlobalSection
	GlobalSection(SolutionProperties) = preSolution
		HideSolutionNode = FALSE
	EndGlobalSection
	GlobalSection(ExtensibilityGlobals) = postSolution
		SolutionGuid = {51C8BD98-40E2-463C-B3E0-2EE14EDBBF01}
	EndGlobalSection
EndGlobal
